
Microsoft Visual Studio Solution File, Format Version 12.00
# Visual Studio Version 16
VisualStudioVersion = 16.0.30128.74
MinimumVisualStudioVersion = 10.0.40219.1
Project("{8BC9CEB8-8B4A-11D0-8D11-00A0C91BC942}") = "chess", "chess\chess.vcxproj", "{039806E8-33AC-43BD-ABC8-473749C2B4D5}"
EndProject
Global
	GlobalSection(SolutionConfigurationPlatforms) = preSolution
		Debug|x64 = Debug|x64
		Debug|x86 = Debug|x86
		Release|x64 = Release|x64
		Release|x86 = Release|x86
	EndGlobalSection
	GlobalSection(ProjectConfigurationPlatforms) = postSolution
		{039806E8-33AC-43BD-ABC8-473749C2B4D5}.Debug|x64.ActiveCfg = Debug|x64
		{039806E8-33AC-43BD-ABC8-473749C2B4D5}.Debug|x64.Build.0 = Debug|x64
		{039806E8-33AC-43BD-ABC8-473749C2B4D5}.Debug|x86.ActiveCfg = Debug|Win32
		{039806E8-33AC-43BD-ABC8-473749C2B4D5}.Debug|x86.Build.0 = Debug|Win32
		{039806E8-33AC-43BD-ABC8-473749C2B4D5}.Release|x64.ActiveCfg = Release|x64
		{039806E8-33AC-43BD-ABC8-473749C2B4D5}.Release|x64.Build.0 = Release|x64
		{039806E8-33AC-43BD-ABC8-473749C2B4D5}.Release|x86.ActiveCfg = Release|Win32
		{039806E8-33AC-43BD-ABC8-473749C2B4D5}.Release|x86.Build.0 = Release|Win32
	EndGlobalSection
	GlobalSection(SolutionProperties) = preSolution
		HideSolutionNode = FALSE
	EndGlobalSection
	GlobalSection(ExtensibilityGlobals) = postSolution
		SolutionGuid = {2220FADF-BD57-467F-BFF9-7823DE3295B0}
	EndGlobalSection
EndGlobal
